
Microsoft Visual Studio Solution File, Format Version 10.00
# Visual Studio 2008
Project("{FAE04EC0-301F-11D3-BF4B-00C04F79EFBC}") = "AltaPayMoto", "AltaPayMoto\AltaPayMoto.csproj", "{908048BE-E5D0-4719-9E5D-E1BEDB6AB31E}"
EndProject
Project("{FAE04EC0-301F-11D3-BF4B-00C04F79EFBC}") = "AltaPayMoto.Tests", "AltaPayMoto.Tests\AltaPayMoto.Tests.csproj", "{3A49B441-7FCE-40AA-893D-B61D5E41DA62}"
EndProject
Global
	GlobalSection(SolutionConfigurationPlatforms) = preSolution
		Debug|Any CPU = Debug|Any CPU
		Release|Any CPU = Release|Any CPU
	EndGlobalSection
	GlobalSection(ProjectConfigurationPlatforms) = postSolution
		{3A49B441-7FCE-40AA-893D-B61D5E41DA62}.Debug|Any CPU.ActiveCfg = Debug|Any CPU
		{3A49B441-7FCE-40AA-893D-B61D5E41DA62}.Debug|Any CPU.Build.0 = Debug|Any CPU
		{3A49B441-7FCE-40AA-893D-B61D5E41DA62}.Release|Any CPU.ActiveCfg = Release|Any CPU
		{3A49B441-7FCE-40AA-893D-B61D5E41DA62}.Release|Any CPU.Build.0 = Release|Any CPU
		{908048BE-E5D0-4719-9E5D-E1BEDB6AB31E}.Debug|Any CPU.ActiveCfg = Debug|Any CPU
		{908048BE-E5D0-4719-9E5D-E1BEDB6AB31E}.Debug|Any CPU.Build.0 = Debug|Any CPU
		{908048BE-E5D0-4719-9E5D-E1BEDB6AB31E}.Release|Any CPU.ActiveCfg = Release|Any CPU
		{908048BE-E5D0-4719-9E5D-E1BEDB6AB31E}.Release|Any CPU.Build.0 = Release|Any CPU
	EndGlobalSection
	GlobalSection(MonoDevelopProperties) = preSolution
		StartupItem = AltaPayMoto\AltaPayMoto.csproj
		Policies = $0
		$0.TextStylePolicy = $1
		$1.FileWidth = 120
		$1.TabsToSpaces = False
		$1.EolMarker = Windows
		$1.inheritsSet = VisualStudio
		$1.inheritsScope = text/plain
		$1.scope = text/x-csharp
		$0.CSharpFormattingPolicy = $2
		$2.inheritsSet = Mono
		$2.inheritsScope = text/x-csharp
		$2.scope = text/x-csharp
		$0.DotNetNamingPolicy = $3
		$3.DirectoryNamespaceAssociation = None
		$3.ResourceNamePolicy = FileFormatDefault
	EndGlobalSection
	GlobalSection(SolutionProperties) = preSolution
		HideSolutionNode = FALSE
	EndGlobalSection
EndGlobal
